<?xml version="1.0" encoding="utf-8"?>
<Project ToolsVersion="4.0" xmlns="http://schemas.microsoft.com/developer/msbuild/2003">
  <ItemGroup>
    <Filter Include="Generated Files">
      <UniqueIdentifier>{71ED8ED8-ACB9-4CE9-BBE1-E00B30144E11}</UniqueIdentifier>
      <Extensions>cpp;c;cxx;moc;h;def;odl;idl;res;</Extensions>
    </Filter>
    <Filter Include="Generated Files">
      <UniqueIdentifier>{71ED8ED8-ACB9-4CE9-BBE1-E00B30144E11}</UniqueIdentifier>
      <Extensions>cpp;c;cxx;moc;h;def;odl;idl;res;</Extensions>
    </Filter>
    <Filter Include="Header Files">
      <UniqueIdentifier>{93995380-89BD-4b04-88EB-625FBE52EBFB}</UniqueIdentifier>
      <Extensions>h;hpp;hxx;hm;inl;inc;xsd</Extensions>
    </Filter>
    <Filter Include="Header Files">
      <UniqueIdentifier>{93995380-89BD-4b04-88EB-625FBE52EBFB}</UniqueIdentifier>
      <Extensions>h;hpp;hxx;hm;inl;inc;xsd</Extensions>
    </Filter>
    <Filter Include="Source Files">
      <UniqueIdentifier>{4FC737F1-C7A5-4376-A066-2A32D752A2FF}</UniqueIdentifier>
      <Extensions>cpp;c;cxx;def;odl;idl;hpj;bat;asm;asmx</Extensions>
    </Filter>
    <Filter Include="Source Files">
      <UniqueIdentifier>{4FC737F1-C7A5-4376-A066-2A32D752A2FF}</UniqueIdentifier>
      <Extensions>cpp;c;cxx;def;odl;idl;hpj;bat;asm;asmx</Extensions>
    </Filter>
    <Filter Include="Generated Files\Debug">
      <UniqueIdentifier>{2ee03d8f-f71f-47bc-94b8-8d1aa2253e34}</UniqueIdentifier>
      <Extensions>cpp;moc</Extensions>
      <SourceControlFiles>False</SourceControlFiles>
    </Filter>
    <Filter Include="Generated Files\Release">
      <UniqueIdentifier>{6642706a-c64e-48aa-b498-d58d2c7ae386}</UniqueIdentifier>
      <Extensions>cpp;moc</Extensions>
      <SourceControlFiles>False</SourceControlFiles>
    </Filter>
  </ItemGroup>
  <ItemGroup>
    <ClCompile Include="audioinputstream.cpp">
      <Filter>Source Files</Filter>
    </ClCompile>
    <ClCompile Include="decoder.cpp">
      <Filter>Source Files</Filter>
    </ClCompile>
    <ClCompile Include="encoder.cpp">
      <Filter>Source Files</Filter>
    </ClCompile>
    <ClCompile Include="ffmpegmanager.cpp">
      <Filter>Source Files</Filter>
    </ClCompile>
    <ClCompile Include="inputstream.cpp">
      <Filter>Source Files</Filter>
    </ClCompile>
    <ClCompile Include="main.cpp">
      <Filter>Source Files</Filter>
    </ClCompile>
    <ClCompile Include="mp2audioencoder.cpp">
      <Filter>Source Files</Filter>
    </ClCompile>
    <ClCompile Include="mpeg1videoencoder.cpp">
      <Filter>Source Files</Filter>
    </ClCompile>
    <ClCompile Include="multiavstream.cpp">
      <Filter>Source Files</Filter>
    </ClCompile>
    <ClCompile Include="outputstream.cpp">
      <Filter>Source Files</Filter>
    </ClCompile>
    <ClCompile Include="pcmaudiodecoder.cpp">
      <Filter>Source Files</Filter>
    </ClCompile>
    <ClCompile Include="rawvideodecoder.cpp">
      <Filter>Source Files</Filter>
    </ClCompile>
    <ClCompile Include="streamingthread.cpp">
      <Filter>Source Files</Filter>
    </ClCompile>
    <ClCompile Include="videocapturethread.cpp">
      <Filter>Source Files</Filter>
    </ClCompile>
    <ClCompile Include="videoinputstream.cpp">
      <Filter>Source Files</Filter>
    </ClCompile>
    <ClCompile Include="wsstreammanager.cpp">
      <Filter>Source Files</Filter>
    </ClCompile>
    <ClCompile Include="Debug\moc_decoder.cpp">
      <Filter>Generated Files\Debug</Filter>
    </ClCompile>
    <ClCompile Include="Release\moc_decoder.cpp">
      <Filter>Generated Files\Release</Filter>
    </ClCompile>
    <ClCompile Include="Debug\moc_encoder.cpp">
      <Filter>Generated Files\Debug</Filter>
    </ClCompile>
    <ClCompile Include="Release\moc_encoder.cpp">
      <Filter>Generated Files\Release</Filter>
    </ClCompile>
    <ClCompile Include="Debug\moc_ffmpegmanager.cpp">
      <Filter>Generated Files\Debug</Filter>
    </ClCompile>
    <ClCompile Include="Release\moc_ffmpegmanager.cpp">
      <Filter>Generated Files\Release</Filter>
    </ClCompile>
    <ClCompile Include="Debug\moc_inputstream.cpp">
      <Filter>Generated Files\Debug</Filter>
    </ClCompile>
    <ClCompile Include="Release\moc_inputstream.cpp">
      <Filter>Generated Files\Release</Filter>
    </ClCompile>
    <ClCompile Include="Debug\moc_outputstream.cpp">
      <Filter>Generated Files\Debug</Filter>
    </ClCompile>
    <ClCompile Include="Release\moc_outputstream.cpp">
      <Filter>Generated Files\Release</Filter>
    </ClCompile>
    <ClCompile Include="Debug\moc_streamingthread.cpp">
      <Filter>Generated Files\Debug</Filter>
    </ClCompile>
    <ClCompile Include="Release\moc_streamingthread.cpp">
      <Filter>Generated Files\Release</Filter>
    </ClCompile>
    <ClCompile Include="Debug\moc_videocapturethread.cpp">
      <Filter>Generated Files\Debug</Filter>
    </ClCompile>
    <ClCompile Include="Release\moc_videocapturethread.cpp">
      <Filter>Generated Files\Release</Filter>
    </ClCompile>
    <ClCompile Include="Debug\moc_wsstreammanager.cpp">
      <Filter>Generated Files\Debug</Filter>
    </ClCompile>
    <ClCompile Include="Release\moc_wsstreammanager.cpp">
      <Filter>Generated Files\Release</Filter>
    </ClCompile>
  </ItemGroup>
  <ItemGroup>
    <ClInclude Include="audioinputstream.h">
      <Filter>Header Files</Filter>
    </ClInclude>
    <ClInclude Include="common.h">
      <Filter>Header Files</Filter>
    </ClInclude>
    <CustomBuild Include="decoder.h">
      <Filter>Header Files</Filter>
    </CustomBuild>
    <CustomBuild Include="encoder.h">
      <Filter>Header Files</Filter>
    </CustomBuild>
    <ClInclude Include="ffmpegall.h">
      <Filter>Header Files</Filter>
    </ClInclude>
    <CustomBuild Include="ffmpegmanager.h">
      <Filter>Header Files</Filter>
    </CustomBuild>
    <CustomBuild Include="inputstream.h">
      <Filter>Header Files</Filter>
    </CustomBuild>
    <ClInclude Include="mp2audioencoder.h">
      <Filter>Header Files</Filter>
    </ClInclude>
    <ClInclude Include="mpeg1videoencoder.h">
      <Filter>Header Files</Filter>
    </ClInclude>
    <ClInclude Include="multiavstream.h">
      <Filter>Header Files</Filter>
    </ClInclude>
    <CustomBuild Include="outputstream.h">
      <Filter>Header Files</Filter>
    </CustomBuild>
    <ClInclude Include="pcmaudiodecoder.h">
      <Filter>Header Files</Filter>
    </ClInclude>
    <ClInclude Include="rawvideodecoder.h">
      <Filter>Header Files</Filter>
    </ClInclude>
    <CustomBuild Include="streamingthread.h">
      <Filter>Header Files</Filter>
    </CustomBuild>
    <CustomBuild Include="videocapturethread.h">
      <Filter>Header Files</Filter>
    </CustomBuild>
    <ClInclude Include="videoinputstream.h">
      <Filter>Header Files</Filter>
    </ClInclude>
    <CustomBuild Include="wsstreammanager.h">
      <Filter>Header Files</Filter>
    </CustomBuild>
  </ItemGroup>
  <ItemGroup>
    <None Include="..\..\ffmpeg\dev\lib\avcodec-58.def">
      <Filter>Generated Files</Filter>
    </None>
    <None Include="..\..\ffmpeg\dev\lib\avdevice-58.def">
      <Filter>Generated Files</Filter>
    </None>
    <None Include="..\..\ffmpeg\dev\lib\avfilter-7.def">
      <Filter>Generated Files</Filter>
    </None>
    <None Include="..\..\ffmpeg\dev\lib\avformat-58.def">
      <Filter>Generated Files</Filter>
    </None>
    <None Include="..\..\ffmpeg\dev\lib\avutil-56.def">
      <Filter>Generated Files</Filter>
    </None>
    <None Include="..\..\ffmpeg\dev\lib\postproc-55.def">
      <Filter>Generated Files</Filter>
    </None>
    <None Include="..\..\ffmpeg\dev\lib\swresample-3.def">
      <Filter>Generated Files</Filter>
    </None>
    <None Include="..\..\ffmpeg\dev\lib\swscale-5.def">
      <Filter>Generated Files</Filter>
    </None>
  </ItemGroup>
</Project>